
Microsoft Visual Studio Solution File, Format Version 12.00
# Visual Studio Version 16
VisualStudioVersion = 16.0.33328.57
MinimumVisualStudioVersion = 10.0.40219.1
Project("{FAE04EC0-301F-11D3-BF4B-00C04F79EFBC}") = "MiniGame_05", "MiniGame_05.csproj", "{D1C817CF-0A54-4A4D-96B3-BFC81EA20E1A}"
EndProject
Global
	GlobalSection(SolutionConfigurationPlatforms) = preSolution
		Debug|Any CPU = Debug|Any CPU
		Release|Any CPU = Release|Any CPU
	EndGlobalSection
	GlobalSection(ProjectConfigurationPlatforms) = postSolution
		{D1C817CF-0A54-4A4D-96B3-BFC81EA20E1A}.Debug|Any CPU.ActiveCfg = Debug|Any CPU
		{D1C817CF-0A54-4A4D-96B3-BFC81EA20E1A}.Debug|Any CPU.Build.0 = Debug|Any CPU
		{D1C817CF-0A54-4A4D-96B3-BFC81EA20E1A}.Release|Any CPU.ActiveCfg = Release|Any CPU
		{D1C817CF-0A54-4A4D-96B3-BFC81EA20E1A}.Release|Any CPU.Build.0 = Release|Any CPU
	EndGlobalSection
	GlobalSection(SolutionProperties) = preSolution
		HideSolutionNode = FALSE
	EndGlobalSection
	GlobalSection(ExtensibilityGlobals) = postSolution
		SolutionGuid = {8712F508-BD43-432B-AF1E-8C028BE86EB2}
	EndGlobalSection
EndGlobal
